
Microsoft Visual Studio Solution File, Format Version 12.00
# Visual Studio Version 16
VisualStudioVersion = 16.0.29424.173
MinimumVisualStudioVersion = 10.0.40219.1
Project("{FAE04EC0-301F-11D3-BF4B-00C04F79EFBC}") = "USDA.ARS.GRIN.Admin.Models", "USDA.ARS.GRIN.Admin.Models\USDA.ARS.GRIN.Admin.Models.csproj", "{79398D0B-C4E0-4949-ABB5-A862F1832189}"
EndProject
Project("{FAE04EC0-301F-11D3-BF4B-00C04F79EFBC}") = "USDA.ARS.GRIN.Admin.Repository", "USDA.ARS.GRIN.Admin.Repository\USDA.ARS.GRIN.Admin.Repository.csproj", "{DC5AB2EC-46DF-4336-AEC1-0D996D487521}"
EndProject
Project("{FAE04EC0-301F-11D3-BF4B-00C04F79EFBC}") = "USDA.ARS.GRIN.Admin.Service", "USDA.ARS.GRIN.Admin.Service\USDA.ARS.GRIN.Admin.Service.csproj", "{1E844B19-ECBB-4198-B544-EBAD2AD495C6}"
EndProject
Project("{FAE04EC0-301F-11D3-BF4B-00C04F79EFBC}") = "USDA.ARS.GRIN.Admin.WebUI", "USDA.ARS.GRIN.Admin.WebUI\USDA.ARS.GRIN.Admin.WebUI\USDA.ARS.GRIN.Admin.WebUI.csproj", "{E0868F14-9A17-47CD-AA98-63FA36E8B7D0}"
EndProject
Project("{FAE04EC0-301F-11D3-BF4B-00C04F79EFBC}") = "USDA.ARS.GRIN.Admin.API", "USDA.ARS.GRIN.Admin.API\USDA.ARS.GRIN.Admin.API.csproj", "{4A67BDF3-D103-4F49-BD4B-FC926592C269}"
EndProject
Project("{FAE04EC0-301F-11D3-BF4B-00C04F79EFBC}") = "USDA.ARS.GRIN.Core.ADOWrapper", "USDA.ARS.GRIN.Core.ADOWrapper\USDA.ARS.GRIN.Core.ADOWrapper.csproj", "{45F1FC88-B2EF-4278-A264-5AD227E0E5C5}"
EndProject
Project("{FAE04EC0-301F-11D3-BF4B-00C04F79EFBC}") = "USDA.ARS.GRIN.GGTools.ViewModelLayer", "USDA.ARS.GRIN.GGTools.ViewModelLayer\USDA.ARS.GRIN.GGTools.ViewModelLayer.csproj", "{2F26064C-2A92-48CC-93F1-DC49DBE74926}"
EndProject
Project("{FAE04EC0-301F-11D3-BF4B-00C04F79EFBC}") = "USDA.ARS.GRIN.GGTools.DataLayer", "USDA.ARS.GRIN.GGTools.DataLayer\USDA.ARS.GRIN.GGTools.DataLayer.csproj", "{55BB3015-E934-4C78-B510-19678A6C240E}"
EndProject
Project("{FAE04EC0-301F-11D3-BF4B-00C04F79EFBC}") = "USDA.ARS.GRIN.GGTools.AppLayer", "USDA.ARS.GRIN.GGTools.AppLayer\USDA.ARS.GRIN.GGTools.AppLayer.csproj", "{F1C181D4-A163-4B15-8F74-63F7168A4440}"
EndProject
Global
	GlobalSection(SolutionConfigurationPlatforms) = preSolution
		Debug|Any CPU = Debug|Any CPU
		Release|Any CPU = Release|Any CPU
	EndGlobalSection
	GlobalSection(ProjectConfigurationPlatforms) = postSolution
		{79398D0B-C4E0-4949-ABB5-A862F1832189}.Debug|Any CPU.ActiveCfg = Debug|Any CPU
		{79398D0B-C4E0-4949-ABB5-A862F1832189}.Debug|Any CPU.Build.0 = Debug|Any CPU
		{79398D0B-C4E0-4949-ABB5-A862F1832189}.Release|Any CPU.ActiveCfg = Release|Any CPU
		{79398D0B-C4E0-4949-ABB5-A862F1832189}.Release|Any CPU.Build.0 = Release|Any CPU
		{DC5AB2EC-46DF-4336-AEC1-0D996D487521}.Debug|Any CPU.ActiveCfg = Debug|Any CPU
		{DC5AB2EC-46DF-4336-AEC1-0D996D487521}.Debug|Any CPU.Build.0 = Debug|Any CPU
		{DC5AB2EC-46DF-4336-AEC1-0D996D487521}.Release|Any CPU.ActiveCfg = Release|Any CPU
		{DC5AB2EC-46DF-4336-AEC1-0D996D487521}.Release|Any CPU.Build.0 = Release|Any CPU
		{1E844B19-ECBB-4198-B544-EBAD2AD495C6}.Debug|Any CPU.ActiveCfg = Debug|Any CPU
		{1E844B19-ECBB-4198-B544-EBAD2AD495C6}.Debug|Any CPU.Build.0 = Debug|Any CPU
		{1E844B19-ECBB-4198-B544-EBAD2AD495C6}.Release|Any CPU.ActiveCfg = Release|Any CPU
		{1E844B19-ECBB-4198-B544-EBAD2AD495C6}.Release|Any CPU.Build.0 = Release|Any CPU
		{E0868F14-9A17-47CD-AA98-63FA36E8B7D0}.Debug|Any CPU.ActiveCfg = Debug|Any CPU
		{E0868F14-9A17-47CD-AA98-63FA36E8B7D0}.Debug|Any CPU.Build.0 = Debug|Any CPU
		{E0868F14-9A17-47CD-AA98-63FA36E8B7D0}.Release|Any CPU.ActiveCfg = Release|Any CPU
		{E0868F14-9A17-47CD-AA98-63FA36E8B7D0}.Release|Any CPU.Build.0 = Release|Any CPU
		{4A67BDF3-D103-4F49-BD4B-FC926592C269}.Debug|Any CPU.ActiveCfg = Debug|Any CPU
		{4A67BDF3-D103-4F49-BD4B-FC926592C269}.Debug|Any CPU.Build.0 = Debug|Any CPU
		{4A67BDF3-D103-4F49-BD4B-FC926592C269}.Release|Any CPU.ActiveCfg = Release|Any CPU
		{4A67BDF3-D103-4F49-BD4B-FC926592C269}.Release|Any CPU.Build.0 = Release|Any CPU
		{45F1FC88-B2EF-4278-A264-5AD227E0E5C5}.Debug|Any CPU.ActiveCfg = Debug|Any CPU
		{45F1FC88-B2EF-4278-A264-5AD227E0E5C5}.Debug|Any CPU.Build.0 = Debug|Any CPU
		{45F1FC88-B2EF-4278-A264-5AD227E0E5C5}.Release|Any CPU.ActiveCfg = Release|Any CPU
		{45F1FC88-B2EF-4278-A264-5AD227E0E5C5}.Release|Any CPU.Build.0 = Release|Any CPU
		{2F26064C-2A92-48CC-93F1-DC49DBE74926}.Debug|Any CPU.ActiveCfg = Debug|Any CPU
		{2F26064C-2A92-48CC-93F1-DC49DBE74926}.Debug|Any CPU.Build.0 = Debug|Any CPU
		{2F26064C-2A92-48CC-93F1-DC49DBE74926}.Release|Any CPU.ActiveCfg = Release|Any CPU
		{2F26064C-2A92-48CC-93F1-DC49DBE74926}.Release|Any CPU.Build.0 = Release|Any CPU
		{55BB3015-E934-4C78-B510-19678A6C240E}.Debug|Any CPU.ActiveCfg = Debug|Any CPU
		{55BB3015-E934-4C78-B510-19678A6C240E}.Debug|Any CPU.Build.0 = Debug|Any CPU
		{55BB3015-E934-4C78-B510-19678A6C240E}.Release|Any CPU.ActiveCfg = Release|Any CPU
		{55BB3015-E934-4C78-B510-19678A6C240E}.Release|Any CPU.Build.0 = Release|Any CPU
		{F1C181D4-A163-4B15-8F74-63F7168A4440}.Debug|Any CPU.ActiveCfg = Debug|Any CPU
		{F1C181D4-A163-4B15-8F74-63F7168A4440}.Debug|Any CPU.Build.0 = Debug|Any CPU
		{F1C181D4-A163-4B15-8F74-63F7168A4440}.Release|Any CPU.ActiveCfg = Release|Any CPU
		{F1C181D4-A163-4B15-8F74-63F7168A4440}.Release|Any CPU.Build.0 = Release|Any CPU
	EndGlobalSection
	GlobalSection(SolutionProperties) = preSolution
		HideSolutionNode = FALSE
	EndGlobalSection
	GlobalSection(ExtensibilityGlobals) = postSolution
		SolutionGuid = {42894C35-2EE4-4F04-8E00-D6A9E26FB04E}
	EndGlobalSection
EndGlobal
